
Microsoft Visual Studio Solution File, Format Version 12.00
# Visual Studio 15
VisualStudioVersion = 15.0.27130.2010
MinimumVisualStudioVersion = 10.0.40219.1
Project("{FAE04EC0-301F-11D3-BF4B-00C04F79EFBC}") = "LongestSubstringCSharp", "LongestSubstringCSharp\LongestSubstringCSharp.csproj", "{E9106EC5-BF03-458D-A26B-803BFC725FC9}"
EndProject
Global
	GlobalSection(SolutionConfigurationPlatforms) = preSolution
		Debug|Any CPU = Debug|Any CPU
		Release|Any CPU = Release|Any CPU
	EndGlobalSection
	GlobalSection(ProjectConfigurationPlatforms) = postSolution
		{E9106EC5-BF03-458D-A26B-803BFC725FC9}.Debug|Any CPU.ActiveCfg = Debug|Any CPU
		{E9106EC5-BF03-458D-A26B-803BFC725FC9}.Debug|Any CPU.Build.0 = Debug|Any CPU
		{E9106EC5-BF03-458D-A26B-803BFC725FC9}.Release|Any CPU.ActiveCfg = Release|Any CPU
		{E9106EC5-BF03-458D-A26B-803BFC725FC9}.Release|Any CPU.Build.0 = Release|Any CPU
	EndGlobalSection
	GlobalSection(SolutionProperties) = preSolution
		HideSolutionNode = FALSE
	EndGlobalSection
	GlobalSection(ExtensibilityGlobals) = postSolution
		SolutionGuid = {BBFA1920-34A0-4155-B018-49D8E51B487B}
	EndGlobalSection
EndGlobal
